
Microsoft Visual Studio Solution File, Format Version 11.00
# Visual Studio 2010
Project("{FAE04EC0-301F-11D3-BF4B-00C04F79EFBC}") = "Assembly-CSharp", "Assembly-CSharp.csproj", "{a3be7cb3-01e8-7e56-5c83-c3d9d1f5055a}"
EndProject
Project("{FAE04EC0-301F-11D3-BF4B-00C04F79EFBC}") = "Assembly-CSharp-Editor", "Assembly-CSharp-Editor.csproj", "{eb8e9844-1f50-f120-f846-e3ad8393bcab}"
EndProject
Global
	GlobalSection(SolutionConfigurationPlatforms) = preSolution
		Debug|Any CPU = Debug|Any CPU
	EndGlobalSection
	GlobalSection(ProjectConfigurationPlatforms) = postSolution
		{a3be7cb3-01e8-7e56-5c83-c3d9d1f5055a}.Debug|Any CPU.ActiveCfg = Debug|Any CPU
		{a3be7cb3-01e8-7e56-5c83-c3d9d1f5055a}.Debug|Any CPU.Build.0 = Debug|Any CPU
		{eb8e9844-1f50-f120-f846-e3ad8393bcab}.Debug|Any CPU.ActiveCfg = Debug|Any CPU
		{eb8e9844-1f50-f120-f846-e3ad8393bcab}.Debug|Any CPU.Build.0 = Debug|Any CPU
	EndGlobalSection
	GlobalSection(SolutionProperties) = preSolution
		HideSolutionNode = FALSE
	EndGlobalSection
EndGlobal
